{
  "name": "Frontend",
  "lockfileVersion": 3,
  "requires": true,
  "packages": {
    "": {
      "dependencies": {
        "@fortawesome/fontawesome-svg-core": "^6.5.1",
        "@fortawesome/free-solid-svg-icons": "^6.5.1",
        "@fortawesome/vue-fontawesome": "^3.0.0-5",
        "bootstrap": "^5.3.3",
        "mitt": "^3.0.1",
        "vuex": "^4.1.0",
        "vuex-persistedstate": "^4.1.0"
      }
    },
    "node_modules/@babel/parser": {
      "version": "7.23.9",
      "resolved": "https://registry.npmjs.org/@babel/parser/-/parser-7.23.9.tgz",
      "integrity": "sha512-9tcKgqKbs3xGJ+NtKF2ndOBBLVwPjl1SHxPQkd36r3Dlirw3xWUeGaTbqr7uGZcTaxkVNwc+03SVP7aCdWrTlA==",
      "peer": true,
      "bin": {
        "parser": "bin/babel-parser.js"
      },
      "engines": {
        "node": ">=6.0.0"
      }
    },
    "node_modules/@fortawesome/fontawesome-common-types": {
      "version": "6.5.1",
      "resolved": "https://registry.npmjs.org/@fortawesome/fontawesome-common-types/-/fontawesome-common-types-6.5.1.tgz",
      "integrity": "sha512-GkWzv+L6d2bI5f/Vk6ikJ9xtl7dfXtoRu3YGE6nq0p/FFqA1ebMOAWg3XgRyb0I6LYyYkiAo+3/KrwuBp8xG7A==",
      "hasInstallScript": true,
      "engines": {
        "node": ">=6"
      }
    },
    "node_modules/@fortawesome/fontawesome-svg-core": {
      "version": "6.5.1",
      "resolved": "https://registry.npmjs.org/@fortawesome/fontawesome-svg-core/-/fontawesome-svg-core-6.5.1.tgz",
      "integrity": "sha512-MfRCYlQPXoLlpem+egxjfkEuP9UQswTrlCOsknus/NcMoblTH2g0jPrapbcIb04KGA7E2GZxbAccGZfWoYgsrQ==",
      "hasInstallScript": true,
      "dependencies": {
        "@fortawesome/fontawesome-common-types": "6.5.1"
      },
      "engines": {
        "node": ">=6"
      }
    },
    "node_modules/@fortawesome/free-solid-svg-icons": {
      "version": "6.5.1",
      "resolved": "https://registry.npmjs.org/@fortawesome/free-solid-svg-icons/-/free-solid-svg-icons-6.5.1.tgz",
      "integrity": "sha512-S1PPfU3mIJa59biTtXJz1oI0+KAXW6bkAb31XKhxdxtuXDiUIFsih4JR1v5BbxY7hVHsD1RKq+jRkVRaf773NQ==",
      "hasInstallScript": true,
      "dependencies": {
        "@fortawesome/fontawesome-common-types": "6.5.1"
      },
      "engines": {
        "node": ">=6"
      }
    },
    "node_modules/@fortawesome/vue-fontawesome": {
      "version": "3.0.0-5",
      "resolved": "https://registry.npmjs.org/@fortawesome/vue-fontawesome/-/vue-fontawesome-3.0.0-5.tgz",
      "integrity": "sha512-aNmBT4bOecrFsZTog1l6AJDQHPP3ocXV+WQ3Ogy8WZCqstB/ahfhH4CPu5i4N9Hw0MBKXqE+LX+NbUxcj8cVTw==",
      "deprecated": "This was a prerelease version.  Please use the latest-3 version",
      "peerDependencies": {
        "@fortawesome/fontawesome-svg-core": "~1 || >=1.3.0-beta1",
        "vue": ">= 3.0.0 < 4"
      }
    },
    "node_modules/@jridgewell/sourcemap-codec": {
      "version": "1.4.15",
      "resolved": "https://registry.npmjs.org/@jridgewell/sourcemap-codec/-/sourcemap-codec-1.4.15.tgz",
      "integrity": "sha512-eF2rxCRulEKXHTRiDrDy6erMYWqNw4LPdQ8UQA4huuxaQsVeRPFl2oM8oDGxMFhJUWZf9McpLtJasDDZb/Bpeg==",
      "peer": true
    },
    "node_modules/@popperjs/core": {
      "version": "2.11.8",
      "resolved": "https://registry.npmjs.org/@popperjs/core/-/core-2.11.8.tgz",
      "integrity": "sha512-P1st0aksCrn9sGZhp8GMYwBnQsbvAWsZAX44oXNNvLHGqAOcoVxmjZiohstwQ7SqKnbR47akdNi+uleWD8+g6A==",
      "peer": true,
      "funding": {
        "type": "opencollective",
        "url": "https://opencollective.com/popperjs"
      }
    },
    "node_modules/@vue/compiler-core": {
      "version": "3.4.16",
      "resolved": "https://registry.npmjs.org/@vue/compiler-core/-/compiler-core-3.4.16.tgz",
      "integrity": "sha512-HXgyy7gen4FNJS8Hz2q/NNBEdzD3QInhDTWaP2/mS0TlmV9CnjmXip7TZ0ROYiQM4FgXZCCJvh74yDikFkPpkQ==",
      "peer": true,
      "dependencies": {
        "@babel/parser": "^7.23.9",
        "@vue/shared": "3.4.16",
        "entities": "^4.5.0",
        "estree-walker": "^2.0.2",
        "source-map-js": "^1.0.2"
      }
    },
    "node_modules/@vue/compiler-dom": {
      "version": "3.4.16",
      "resolved": "https://registry.npmjs.org/@vue/compiler-dom/-/compiler-dom-3.4.16.tgz",
      "integrity": "sha512-lvs9ankPzLEuIC5aB72ntLUcwVGmgY7ASkXDRvo9+lUMWOOCqnAmM/64AZPeVAZ4EnjocCE40OUN+ZboNe4ygA==",
      "peer": true,
      "dependencies": {
        "@vue/compiler-core": "3.4.16",
        "@vue/shared": "3.4.16"
      }
    },
    "node_modules/@vue/compiler-sfc": {
      "version": "3.4.16",
      "resolved": "https://registry.npmjs.org/@vue/compiler-sfc/-/compiler-sfc-3.4.16.tgz",
      "integrity": "sha512-zVYC42Q/NmbB4nigGcQeIvsLpBlq6K9wJP5jTFCqfpXWnkodxfLFQHDu2GntZ7yKOgwAjxuvLwrPx+I6LPL2vg==",
      "peer": true,
      "dependencies": {
        "@babel/parser": "^7.23.9",
        "@vue/compiler-core": "3.4.16",
        "@vue/compiler-dom": "3.4.16",
        "@vue/compiler-ssr": "3.4.16",
        "@vue/shared": "3.4.16",
        "estree-walker": "^2.0.2",
        "magic-string": "^0.30.6",
        "postcss": "^8.4.33",
        "source-map-js": "^1.0.2"
      }
    },
    "node_modules/@vue/compiler-ssr": {
      "version": "3.4.16",
      "resolved": "https://registry.npmjs.org/@vue/compiler-ssr/-/compiler-ssr-3.4.16.tgz",
      "integrity": "sha512-1kNF+fHdEB+5aTcPZ0hh/gzi9Ezq5IBO4bl/hV4Dg4fub6t12W6VGlsERtvdUaEowL35M3pojv0hOvLaq0FbdQ==",
      "peer": true,
      "dependencies": {
        "@vue/compiler-dom": "3.4.16",
        "@vue/shared": "3.4.16"
      }
    },
    "node_modules/@vue/devtools-api": {
      "version": "6.6.1",
      "resolved": "https://registry.npmjs.org/@vue/devtools-api/-/devtools-api-6.6.1.tgz",
      "integrity": "sha512-LgPscpE3Vs0x96PzSSB4IGVSZXZBZHpfxs+ZA1d+VEPwHdOXowy/Y2CsvCAIFrf+ssVU1pD1jidj505EpUnfbA=="
    },
    "node_modules/@vue/reactivity": {
      "version": "3.4.16",
      "resolved": "https://registry.npmjs.org/@vue/reactivity/-/reactivity-3.4.16.tgz",
      "integrity": "sha512-XTWRMBG10PGs4MxDoUdBEhMacS5QBUAlGeb5AmQysTQ16tXxQ0lymgbSTmR2h79v5dJDFuULuLWUbwc0uj6zqQ==",
      "peer": true,
      "dependencies": {
        "@vue/shared": "3.4.16"
      }
    },
    "node_modules/@vue/runtime-core": {
      "version": "3.4.16",
      "resolved": "https://registry.npmjs.org/@vue/runtime-core/-/runtime-core-3.4.16.tgz",
      "integrity": "sha512-vgS25M79AOY2EsBWxBcy9yAou10x2WHJhGN0FM/Ii8yum0a+KBfg8ehzq/cuDqfOPrtVrDPW+QkH3WNJNakfRw==",
      "peer": true,
      "dependencies": {
        "@vue/reactivity": "3.4.16",
        "@vue/shared": "3.4.16"
      }
    },
    "node_modules/@vue/runtime-dom": {
      "version": "3.4.16",
      "resolved": "https://registry.npmjs.org/@vue/runtime-dom/-/runtime-dom-3.4.16.tgz",
      "integrity": "sha512-X+knHfhefB8tX0rJG3d14U8p1CpeZ/qZxol9rN8ZAD9UalTInIsKXlBTd/xLC8GwO2aXVXxjaSIiTU5th5wj9Q==",
      "peer": true,
      "dependencies": {
        "@vue/runtime-core": "3.4.16",
        "@vue/shared": "3.4.16",
        "csstype": "^3.1.3"
      }
    },
    "node_modules/@vue/server-renderer": {
      "version": "3.4.16",
      "resolved": "https://registry.npmjs.org/@vue/server-renderer/-/server-renderer-3.4.16.tgz",
      "integrity": "sha512-e0PZDpk/eZgICYb0DTQ+OeBlgt0FYGo+2DEcUkZxw+pDgF1qL0aYaOqmPcSbL5KK0nizvuSd7k5HZOkSwSaC2g==",
      "peer": true,
      "dependencies": {
        "@vue/compiler-ssr": "3.4.16",
        "@vue/shared": "3.4.16"
      },
      "peerDependencies": {
        "vue": "3.4.16"
      }
    },
    "node_modules/@vue/shared": {
      "version": "3.4.16",
      "resolved": "https://registry.npmjs.org/@vue/shared/-/shared-3.4.16.tgz",
      "integrity": "sha512-HKCjeaxR+R95dCw1BDaytcHdlzZj9lxj7RlFnxWtcKq670t8oSeMsbPlkzkNc2V6IUzHaMtUxdBcdREAhb+7NA==",
      "peer": true
    },
    "node_modules/bootstrap": {
      "version": "5.3.3",
      "resolved": "https://registry.npmjs.org/bootstrap/-/bootstrap-5.3.3.tgz",
      "integrity": "sha512-8HLCdWgyoMguSO9o+aH+iuZ+aht+mzW0u3HIMzVu7Srrpv7EBBxTnrFlSCskwdY1+EOFQSm7uMJhNQHkdPcmjg==",
      "funding": [
        {
          "type": "github",
          "url": "https://github.com/sponsors/twbs"
        },
        {
          "type": "opencollective",
          "url": "https://opencollective.com/bootstrap"
        }
      ],
      "peerDependencies": {
        "@popperjs/core": "^2.11.8"
      }
    },
    "node_modules/csstype": {
      "version": "3.1.3",
      "resolved": "https://registry.npmjs.org/csstype/-/csstype-3.1.3.tgz",
      "integrity": "sha512-M1uQkMl8rQK/szD0LNhtqxIPLpimGm8sOBwU7lLnCpSbTyY3yeU1Vc7l4KT5zT4s/yOxHH5O7tIuuLOCnLADRw==",
      "peer": true
    },
    "node_modules/deepmerge": {
      "version": "4.3.1",
      "resolved": "https://registry.npmjs.org/deepmerge/-/deepmerge-4.3.1.tgz",
      "integrity": "sha512-3sUqbMEc77XqpdNO7FRyRog+eW3ph+GYCbj+rK+uYyRMuwsVy0rMiVtPn+QJlKFvWP/1PYpapqYn0Me2knFn+A==",
      "engines": {
        "node": ">=0.10.0"
      }
    },
    "node_modules/entities": {
      "version": "4.5.0",
      "resolved": "https://registry.npmjs.org/entities/-/entities-4.5.0.tgz",
      "integrity": "sha512-V0hjH4dGPh9Ao5p0MoRY6BVqtwCjhz6vI5LT8AJ55H+4g9/4vbHx1I54fS0XuclLhDHArPQCiMjDxjaL8fPxhw==",
      "peer": true,
      "engines": {
        "node": ">=0.12"
      },
      "funding": {
        "url": "https://github.com/fb55/entities?sponsor=1"
      }
    },
    "node_modules/estree-walker": {
      "version": "2.0.2",
      "resolved": "https://registry.npmjs.org/estree-walker/-/estree-walker-2.0.2.tgz",
      "integrity": "sha512-Rfkk/Mp/DL7JVje3u18FxFujQlTNR2q6QfMSMB7AvCBx91NGj/ba3kCfza0f6dVDbw7YlRf/nDrn7pQrCCyQ/w==",
      "peer": true
    },
    "node_modules/magic-string": {
      "version": "0.30.7",
      "resolved": "https://registry.npmjs.org/magic-string/-/magic-string-0.30.7.tgz",
      "integrity": "sha512-8vBuFF/I/+OSLRmdf2wwFCJCz+nSn0m6DPvGH1fS/KiQoSaR+sETbov0eIk9KhEKy8CYqIkIAnbohxT/4H0kuA==",
      "peer": true,
      "dependencies": {
        "@jridgewell/sourcemap-codec": "^1.4.15"
      },
      "engines": {
        "node": ">=12"
      }
    },
    "node_modules/mitt": {
      "version": "3.0.1",
      "resolved": "https://registry.npmjs.org/mitt/-/mitt-3.0.1.tgz",
      "integrity": "sha512-vKivATfr97l2/QBCYAkXYDbrIWPM2IIKEl7YPhjCvKlG3kE2gm+uBo6nEXK3M5/Ffh/FLpKExzOQ3JJoJGFKBw=="
    },
    "node_modules/nanoid": {
      "version": "3.3.7",
      "resolved": "https://registry.npmjs.org/nanoid/-/nanoid-3.3.7.tgz",
      "integrity": "sha512-eSRppjcPIatRIMC1U6UngP8XFcz8MQWGQdt1MTBQ7NaAmvXDfvNxbvWV3x2y6CdEUciCSsDHDQZbhYaB8QEo2g==",
      "funding": [
        {
          "type": "github",
          "url": "https://github.com/sponsors/ai"
        }
      ],
      "peer": true,
      "bin": {
        "nanoid": "bin/nanoid.cjs"
      },
      "engines": {
        "node": "^10 || ^12 || ^13.7 || ^14 || >=15.0.1"
      }
    },
    "node_modules/picocolors": {
      "version": "1.0.0",
      "resolved": "https://registry.npmjs.org/picocolors/-/picocolors-1.0.0.tgz",
      "integrity": "sha512-1fygroTLlHu66zi26VoTDv8yRgm0Fccecssto+MhsZ0D/DGW2sm8E8AjW7NU5VVTRt5GxbeZ5qBuJr+HyLYkjQ==",
      "peer": true
    },
    "node_modules/postcss": {
      "version": "8.4.35",
      "resolved": "https://registry.npmjs.org/postcss/-/postcss-8.4.35.tgz",
      "integrity": "sha512-u5U8qYpBCpN13BsiEB0CbR1Hhh4Gc0zLFuedrHJKMctHCHAGrMdG0PRM/KErzAL3CU6/eckEtmHNB3x6e3c0vA==",
      "funding": [
        {
          "type": "opencollective",
          "url": "https://opencollective.com/postcss/"
        },
        {
          "type": "tidelift",
          "url": "https://tidelift.com/funding/github/npm/postcss"
        },
        {
          "type": "github",
          "url": "https://github.com/sponsors/ai"
        }
      ],
      "peer": true,
      "dependencies": {
        "nanoid": "^3.3.7",
        "picocolors": "^1.0.0",
        "source-map-js": "^1.0.2"
      },
      "engines": {
        "node": "^10 || ^12 || >=14"
      }
    },
    "node_modules/shvl": {
      "version": "2.0.3",
      "resolved": "https://registry.npmjs.org/shvl/-/shvl-2.0.3.tgz",
      "integrity": "sha512-V7C6S9Hlol6SzOJPnQ7qzOVEWUQImt3BNmmzh40wObhla3XOYMe4gGiYzLrJd5TFa+cI2f9LKIRJTTKZSTbWgw==",
      "deprecated": "older versions vulnerable to prototype pollution"
    },
    "node_modules/source-map-js": {
      "version": "1.0.2",
      "resolved": "https://registry.npmjs.org/source-map-js/-/source-map-js-1.0.2.tgz",
      "integrity": "sha512-R0XvVJ9WusLiqTCEiGCmICCMplcCkIwwR11mOSD9CR5u+IXYdiseeEuXCVAjS54zqwkLcPNnmU4OeJ6tUrWhDw==",
      "peer": true,
      "engines": {
        "node": ">=0.10.0"
      }
    },
    "node_modules/vue": {
      "version": "3.4.16",
      "resolved": "https://registry.npmjs.org/vue/-/vue-3.4.16.tgz",
      "integrity": "sha512-l5/KcZRp3GbsFXQGeCL9ll1JfRU285K/7l8mZM+dEO+CnE1j26MvfBKJi17iCRRwstl+Jz7KSLlzj9L79fB6WA==",
      "peer": true,
      "dependencies": {
        "@vue/compiler-dom": "3.4.16",
        "@vue/compiler-sfc": "3.4.16",
        "@vue/runtime-dom": "3.4.16",
        "@vue/server-renderer": "3.4.16",
        "@vue/shared": "3.4.16"
      },
      "peerDependencies": {
        "typescript": "*"
      },
      "peerDependenciesMeta": {
        "typescript": {
          "optional": true
        }
      }
    },
    "node_modules/vuex": {
      "version": "4.1.0",
      "resolved": "https://registry.npmjs.org/vuex/-/vuex-4.1.0.tgz",
      "integrity": "sha512-hmV6UerDrPcgbSy9ORAtNXDr9M4wlNP4pEFKye4ujJF8oqgFFuxDCdOLS3eNoRTtq5O3hoBDh9Doj1bQMYHRbQ==",
      "dependencies": {
        "@vue/devtools-api": "^6.0.0-beta.11"
      },
      "peerDependencies": {
        "vue": "^3.2.0"
      }
    },
    "node_modules/vuex-persistedstate": {
      "version": "4.1.0",
      "resolved": "https://registry.npmjs.org/vuex-persistedstate/-/vuex-persistedstate-4.1.0.tgz",
      "integrity": "sha512-3SkEj4NqwM69ikJdFVw6gObeB0NHyspRYMYkR/EbhR0hbvAKyR5gksVhtAfY1UYuWUOCCA0QNGwv9pOwdj+XUQ==",
      "deprecated": "Package no longer supported. Contact Support at https://www.npmjs.com/support for more info.",
      "dependencies": {
        "deepmerge": "^4.2.2",
        "shvl": "^2.0.3"
      },
      "peerDependencies": {
        "vuex": "^3.0 || ^4.0.0-rc"
      }
    }
  }
}
